
Microsoft Visual Studio Solution File, Format Version 12.00
# Visual Studio Version 17
VisualStudioVersion = 17.10.34916.146
MinimumVisualStudioVersion = 10.0.40219.1
Project("{FAE04EC0-301F-11D3-BF4B-00C04F79EFBC}") = "PaymentAPI", "PaymentAPI\PaymentAPI.csproj", "{4455B7F3-1B26-409D-8A13-90276F41CB41}"
EndProject
Global
	GlobalSection(SolutionConfigurationPlatforms) = preSolution
		Debug|Any CPU = Debug|Any CPU
		Release|Any CPU = Release|Any CPU
	EndGlobalSection
	GlobalSection(ProjectConfigurationPlatforms) = postSolution
		{4455B7F3-1B26-409D-8A13-90276F41CB41}.Debug|Any CPU.ActiveCfg = Debug|Any CPU
		{4455B7F3-1B26-409D-8A13-90276F41CB41}.Debug|Any CPU.Build.0 = Debug|Any CPU
		{4455B7F3-1B26-409D-8A13-90276F41CB41}.Release|Any CPU.ActiveCfg = Release|Any CPU
		{4455B7F3-1B26-409D-8A13-90276F41CB41}.Release|Any CPU.Build.0 = Release|Any CPU
	EndGlobalSection
	GlobalSection(SolutionProperties) = preSolution
		HideSolutionNode = FALSE
	EndGlobalSection
	GlobalSection(ExtensibilityGlobals) = postSolution
		SolutionGuid = {5E249104-7832-4870-B3F3-2A24396C5E51}
	EndGlobalSection
EndGlobal
